<Solution>
  <Project Path="Assembly-CSharp.csproj" />
  <Project Path="Zenject.csproj" />
  <Project Path="Zenject-IntegrationTests-Editor.csproj" />
  <Project Path="Unity.Mirror.CodeGen.csproj" />
  <Project Path="Edgegap.csproj" />
  <Project Path="com.rlabrecque.steamworks.net.csproj" />
  <Project Path="Mirror.Components.csproj" />
  <Project Path="UniTask.csproj" />
  <Project Path="Zenject-ReflectionBaking-Editor.csproj" />
  <Project Path="Mirror.Editor.csproj" />
  <Project Path="UniTask.Linq.csproj" />
  <Project Path="Zenject-UnitTests-Editor.csproj" />
  <Project Path="Zenject-Editor.csproj" />
  <Project Path="Mirror.Examples.csproj" />
  <Project Path="Zenject-IntegrationTests.csproj" />
  <Project Path="kcp2k.csproj" />
  <Project Path="Mirror.csproj" />
  <Project Path="SimpleWebTransport.csproj" />
  <Project Path="UniTask.Addressables.csproj" />
  <Project Path="FizzySteamworks.csproj" />
  <Project Path="Mirror.Authenticators.csproj" />
  <Project Path="Mirror.Transports.csproj" />
  <Project Path="EncryptionTransportEditor.csproj" />
  <Project Path="Assembly-CSharp-firstpass.csproj" />
  <Project Path="com.rlabrecque.steamworks.net.editor.csproj" />
  <Project Path="Zenject-TestFramework.csproj" />
  <Project Path="Telepathy.csproj" />
  <Project Path="UniTask.TextMeshPro.csproj" />
  <Project Path="ParrelSync.csproj" />
  <Project Path="Zenject-PoolMonitor-Editor.csproj" />
  <Project Path="Mirror.CompilerSymbols.csproj" />
  <Project Path="UniTask.Editor.csproj" />
  <Project Path="Assembly-CSharp-Editor.csproj" />
  <Project Path="UniTask.DOTween.csproj" />
</Solution>
